{
    "_meta": {
        "hash": {
            "sha256": "bed4121e2f93ab44e8c365768f9201d2bdb029204c696329426b0a7dd2f6d182"
        },
        "pipfile-spec": 6,
        "requires": {
            "python_version": "3.5"
        },
        "sources": [
            {
                "name": "pypi",
                "url": "https://pypi.org/simple",
                "verify_ssl": true
            }
        ]
    },
    "default": {
        "certifi": {
            "hashes": [
                "sha256:1a4995114262bffbc2413b159f2a1a480c969de6e6eb13ee966d470af86af59c",
                "sha256:719a74fb9e33b9bd44cc7f3a8d94bc35e4049deebe19ba7d8e108280cfd59830"
            ],
            "version": "==2020.12.5"
        },
        "chardet": {
            "hashes": [
                "sha256:0d6f53a15db4120f2b08c94f11e7d93d2c911ee118b6b30a04ec3ee8310179fa",
                "sha256:f864054d66fd9118f2e67044ac8981a54775ec5b67aed0441892edb553d21da5"
            ],
            "version": "==4.0.0"
        },
        "django": {
            "hashes": [
                "sha256:1ffab268ada3d5684c05ba7ce776eaeedef360712358d6a6b340ae9f16486916",
                "sha256:dd46d87af4c1bf54f4c926c3cfa41dc2b5c15782f15e4329752ce65f5dad1c37"
            ],
            "index": "pypi",
            "version": "==2.1.3"
        },
        "django-cors-headers": {
            "hashes": [
                "sha256:5545009c9b233ea7e70da7dbab7cb1c12afa01279895086f98ec243d7eab46fa",
                "sha256:c4c2ee97139d18541a1be7d96fe337d1694623816d83f53cb7c00da9b94acae1"
            ],
            "index": "pypi",
            "version": "==2.4.0"
        },
        "djangorestframework": {
            "hashes": [
                "sha256:5cc724dc4b076463497837269107e1995b1fbc917468d1b92d188fd1af9ea789",
                "sha256:a5967b68a04e0d97d10f4df228e30f5a2d82ba63b9d03e1759f84993b7bf1b53"
            ],
            "index": "pypi",
            "version": "==3.11.2"
        },
        "googlemaps": {
            "hashes": [
                "sha256:7831f83f565fdf855421a4c6c4760fbfa80496fbf4b80ff7131707e03cd8d9da",
                "sha256:e13d8f4101f033bc39d76ade52f99977f077814d79087794735d1bb71f35dcc2"
            ],
            "index": "pypi",
            "version": "==3.0.2"
        },
        "gunicorn": {
            "hashes": [
                "sha256:aa8e0b40b4157b36a5df5e599f45c9c76d6af43845ba3b3b0efe2c70473c2471",
                "sha256:fa2662097c66f920f53f70621c6c58ca4a3c4d3434205e608e121b5b3b71f4f3"
            ],
            "index": "pypi",
            "version": "==19.9.0"
        },
        "idna": {
            "hashes": [
                "sha256:b307872f855b18632ce0c21c5e45be78c0ea7ae4c15c828c20788b26921eb3f6",
                "sha256:b97d804b1e9b523befed77c48dacec60e6dcb0b5391d57af6a65a312a90648c0"
            ],
            "version": "==2.10"
        },
        "mysql-connector-python": {
            "hashes": [
                "sha256:00bfda736f5df70be77a60b844f3d14fb3391cab4e8d6d0927484511b4e3a742",
                "sha256:015c56d0805809c4bdab03931a841aa42b8bea5439b7a7ab027b91ad6145ccce",
                "sha256:184f091a916c958055218326f79eb3fff452255985482a7524df5c57e0573744",
                "sha256:1de6c9e5332bf11d9b14a8f41ae88af506c6b1dd61c0db587b71e204699e7e04",
                "sha256:21ec347a3305aab6aa48b8625120112de1eab5fff28fd885447d418280148c37",
                "sha256:5decf81bad32c23fe78d8dfd266ab76439210d2c19bb7f3382d305d998bfb280",
                "sha256:6992e73443fcbd0d6600bd533eba0dfb2f9ed4593b4e1b936f7297caed3dc907",
                "sha256:69bd8b88a2792cc5a81354708d466f97401c32ebc1c22a41d24f0374472ea012",
                "sha256:70a70700f72e639c59620f519be8289782c98d665745927bf365ba81cfc3816d",
                "sha256:743edc2c72056b8e176be1f50e1bc078d1dbbfb0042ea22391fed769e721eadd",
                "sha256:88c8201931043d2f75b1e833eb91a89278ce989bc17b88e7a51e1f4e29a3e5d9",
                "sha256:8cb88179f3ee43c2931c48994346514f3592cb0485597c2b999cbffe6981ac5f",
                "sha256:95d5be4528158c8464a6aa64d27c4f872998b3d2a666efada833db4c90646622",
                "sha256:a44078a47498a6eb6ae9510505b032da076886714b50328e2168333bfb835f50",
                "sha256:aa581e7c2c9e3773b016d20299ec2e83605a86cfa23bea9c953cdfcf2c270b06",
                "sha256:ac5c6c8bbcd92d3bcc25dfc0f890e346a04b5a159df768c747c8b73a7c6f8daf",
                "sha256:b9bfb4f10c0c89e50b0a17d518c9728f40bc714ff1617c023ea525838cc2aed1",
                "sha256:dd5327fedb8a1e3ea6adc602fcb1782751b0b5eb8ce121f66eee3aba9051a490",
                "sha256:e7fbbdbce063a202e27b59a0090e3abf4e4cd4ba75d9bee2f29a156df3e737aa"
            ],
            "index": "pypi",
            "version": "==8.0.13"
        },
        "protobuf": {
            "hashes": [
                "sha256:0f2da2fcc4102b6c3b57f03c9d8d5e37c63f8bc74deaa6cb54e0cc4524a77247",
                "sha256:1655fc0ba7402560d749de13edbfca1ac45d1753d8f4e5292989f18f5a00c215",
                "sha256:1771ef20e88759c4d81db213e89b7a1fc53937968e12af6603c658ee4bcbfa38",
                "sha256:1a66261a402d05c8ad8c1fde8631837307bf8d7e7740a4f3941fc3277c2e1528",
                "sha256:24f4697f57b8520c897a401b7f9a5ae45c369e22c572e305dfaf8053ecb49687",
                "sha256:256c0b2e338c1f3228d3280707606fe5531fde85ab9d704cde6fdeb55112531f",
                "sha256:2b974519a2ae83aa1e31cff9018c70bbe0e303a46a598f982943c49ae1d4fcd3",
                "sha256:30fe4249a364576f9594180589c3f9c4771952014b5f77f0372923fc7bafbbe2",
                "sha256:45a91fc6f9aa86d3effdeda6751882b02de628519ba06d7160daffde0c889ff8",
                "sha256:70054ae1ce5dea7dec7357db931fcf487f40ea45b02cb719ee6af07eb1e906fb",
                "sha256:74ac159989e2b02d761188a2b6f4601ff5e494d9b9d863f5ad6e98e5e0c54328",
                "sha256:822ac7f87fc2fb9b24edd2db390538b60ef50256e421ca30d65250fad5a3d477",
                "sha256:83c7c7534f050cb25383bb817159416601d1cc46c40bc5e851ec8bbddfc34a2f",
                "sha256:88d8f21d1ac205eedb6dea943f8204ed08201b081dba2a966ab5612788b9bb1e",
                "sha256:9ec20a6ded7d0888e767ad029dbb126e604e18db744ac0a428cf746e040ccecd",
                "sha256:9ec220d90eda8bb7a7a1434a8aed4fe26d7e648c1a051c2885f3f5725b6aa71a",
                "sha256:b9069e45b6e78412fba4a314ea38b4a478686060acf470d2b131b3a2c50484ec",
                "sha256:d9ed0955b794f1e5f367e27f8a8ff25501eabe34573f003f06639c366ca75f73",
                "sha256:eaada29bbf087dea7d8bce4d1d604fc768749e8809e9c295922accd7c8fce4d5",
                "sha256:eac23a3e56175b710f3da9a9e8e2aa571891fbec60e0c5a06db1c7b1613b5cfd"
            ],
            "version": "==3.15.6"
        },
        "pytz": {
            "hashes": [
                "sha256:83a4a90894bf38e243cf052c8b58f381bfe9a7a483f6a9cab140bc7f702ac4da",
                "sha256:eb10ce3e7736052ed3623d49975ce333bcd712c7bb19a58b9e2089d4057d0798"
            ],
            "version": "==2021.1"
        },
        "requests": {
            "hashes": [
                "sha256:27973dd4a904a4f13b263a19c866c13b92a39ed1c964655f025f3f8d3d75b804",
                "sha256:c210084e36a42ae6b9219e00e48287def368a26d03a048ddad7bfee44f75871e"
            ],
            "version": "==2.25.1"
        },
        "six": {
            "hashes": [
                "sha256:30639c035cdb23534cd4aa2dd52c3bf48f06e5f4a941509c8bafd8ce11080259",
                "sha256:8b74bedcbbbaca38ff6d7491d76f2b06b3592611af620f8426e82dddb04a5ced"
            ],
            "version": "==1.15.0"
        },
        "urllib3": {
            "hashes": [
                "sha256:2f4da4594db7e1e110a944bb1b551fdf4e6c136ad42e4234131391e21eb5b0df",
                "sha256:e7b021f7241115872f92f43c6508082facffbd1c048e3c6e2bb9c2a157e28937"
            ],
            "version": "==1.26.4"
        },
        "whitenoise": {
            "hashes": [
                "sha256:b1ddbce083c51a064da5e99dacbfff38b291d8436b6fd75156a3bb2265c55d39",
                "sha256:d3609f505db173be501e8a5549d396e6013543fe126ee073b435833fc3403306"
            ],
            "index": "pypi",
            "version": "==4.1.1"
        }
    },
    "develop": {}
}
